
Microsoft Visual Studio Solution File, Format Version 12.00
# Visual Studio Version 16
VisualStudioVersion = 16.0.30309.148
MinimumVisualStudioVersion = 10.0.40219.1
Project("{2150E333-8FDC-42A3-9474-1A3956D46DE8}") = "1-XCommerce.Presentacion", "1-XCommerce.Presentacion", "{04A94B7B-6346-459C-AB47-504F4C29D68B}"
EndProject
Project("{2150E333-8FDC-42A3-9474-1A3956D46DE8}") = "2-XCommerce.Servicios", "2-XCommerce.Servicios", "{4F9FD761-BFE9-4F51-B890-5062885661EC}"
EndProject
Project("{2150E333-8FDC-42A3-9474-1A3956D46DE8}") = "3-XCommerce.AccesoDatos", "3-XCommerce.AccesoDatos", "{C7D962E9-E329-474B-8D97-3F175CDA8304}"
EndProject
Project("{FAE04EC0-301F-11D3-BF4B-00C04F79EFBC}") = "XCommerce.AccesoDatos", "XCommerce2019.BaseDatos\XCommerce.AccesoDatos.csproj", "{5812FBA7-DCFF-4D08-99A7-4B52E4A8BC68}"
EndProject
Project("{FAE04EC0-301F-11D3-BF4B-00C04F79EFBC}") = "XCommerce.Presentacion.VentanaPrincipal", "VentanaPrincipal\XCommerce.Presentacion.VentanaPrincipal.csproj", "{DD527928-6830-472C-A5E8-0628CC40E752}"
EndProject
Project("{FAE04EC0-301F-11D3-BF4B-00C04F79EFBC}") = "XCommerce.Presentacion.Login", "Presentacion.Login\XCommerce.Presentacion.Login.csproj", "{31AFA4C1-0716-4CB7-8E55-916B04B92889}"
EndProject
Project("{2150E333-8FDC-42A3-9474-1A3956D46DE8}") = "XCommerce.Servicios.Seguridad", "XCommerce.Servicios.Seguridad", "{A7AE7965-A742-4559-905B-7DBEDA4F890E}"
EndProject
Project("{FAE04EC0-301F-11D3-BF4B-00C04F79EFBC}") = "XCommerce.Servicios.Seguridad", "XCommerce.Servicios.Seguridad\XCommerce.Servicios.Seguridad.csproj", "{372643DD-0ACF-4405-B08F-01C3B4E76B3A}"
EndProject
Project("{FAE04EC0-301F-11D3-BF4B-00C04F79EFBC}") = "Presentacion.FormulariosBase", "Presentacion.FormulariosBase\Presentacion.FormulariosBase.csproj", "{1C900590-52D4-4F5F-871D-653A396FE935}"
EndProject
Project("{FAE04EC0-301F-11D3-BF4B-00C04F79EFBC}") = "Presentacion.Core", "Presentacion.Core\Presentacion.Core.csproj", "{4173616C-83FA-4739-BB15-B9D2E00622AD}"
EndProject
Project("{2150E333-8FDC-42A3-9474-1A3956D46DE8}") = "XCommerce.Servicios.Core", "XCommerce.Servicios.Core", "{051911F4-F8C9-4C0B-A289-EBD6BE4E74B9}"
EndProject
Project("{FAE04EC0-301F-11D3-BF4B-00C04F79EFBC}") = "XCommerce.Servicios.Core", "XCommerce.Servicios.Core\XCommerce.Servicios.Core.csproj", "{EE470802-2D6E-456E-A92B-FB197C8B8C50}"
EndProject
Project("{FAE04EC0-301F-11D3-BF4B-00C04F79EFBC}") = "Presentacion.Helpers", "Presentacion.Helpers\Presentacion.Helpers.csproj", "{C88922A0-334B-4764-8152-BC862BA8A084}"
EndProject
Project("{FAE04EC0-301F-11D3-BF4B-00C04F79EFBC}") = "Presentacion.Constantes", "Presentacion.Constantes\Presentacion.Constantes.csproj", "{4F44A178-3658-482F-B40B-6EC813483349}"
EndProject
Global
	GlobalSection(SolutionConfigurationPlatforms) = preSolution
		Debug|Any CPU = Debug|Any CPU
		Release|Any CPU = Release|Any CPU
	EndGlobalSection
	GlobalSection(ProjectConfigurationPlatforms) = postSolution
		{5812FBA7-DCFF-4D08-99A7-4B52E4A8BC68}.Debug|Any CPU.ActiveCfg = Debug|Any CPU
		{5812FBA7-DCFF-4D08-99A7-4B52E4A8BC68}.Debug|Any CPU.Build.0 = Debug|Any CPU
		{5812FBA7-DCFF-4D08-99A7-4B52E4A8BC68}.Release|Any CPU.ActiveCfg = Release|Any CPU
		{5812FBA7-DCFF-4D08-99A7-4B52E4A8BC68}.Release|Any CPU.Build.0 = Release|Any CPU
		{DD527928-6830-472C-A5E8-0628CC40E752}.Debug|Any CPU.ActiveCfg = Debug|Any CPU
		{DD527928-6830-472C-A5E8-0628CC40E752}.Debug|Any CPU.Build.0 = Debug|Any CPU
		{DD527928-6830-472C-A5E8-0628CC40E752}.Release|Any CPU.ActiveCfg = Release|Any CPU
		{DD527928-6830-472C-A5E8-0628CC40E752}.Release|Any CPU.Build.0 = Release|Any CPU
		{31AFA4C1-0716-4CB7-8E55-916B04B92889}.Debug|Any CPU.ActiveCfg = Debug|Any CPU
		{31AFA4C1-0716-4CB7-8E55-916B04B92889}.Debug|Any CPU.Build.0 = Debug|Any CPU
		{31AFA4C1-0716-4CB7-8E55-916B04B92889}.Release|Any CPU.ActiveCfg = Release|Any CPU
		{31AFA4C1-0716-4CB7-8E55-916B04B92889}.Release|Any CPU.Build.0 = Release|Any CPU
		{372643DD-0ACF-4405-B08F-01C3B4E76B3A}.Debug|Any CPU.ActiveCfg = Debug|Any CPU
		{372643DD-0ACF-4405-B08F-01C3B4E76B3A}.Debug|Any CPU.Build.0 = Debug|Any CPU
		{372643DD-0ACF-4405-B08F-01C3B4E76B3A}.Release|Any CPU.ActiveCfg = Release|Any CPU
		{372643DD-0ACF-4405-B08F-01C3B4E76B3A}.Release|Any CPU.Build.0 = Release|Any CPU
		{1C900590-52D4-4F5F-871D-653A396FE935}.Debug|Any CPU.ActiveCfg = Debug|Any CPU
		{1C900590-52D4-4F5F-871D-653A396FE935}.Debug|Any CPU.Build.0 = Debug|Any CPU
		{1C900590-52D4-4F5F-871D-653A396FE935}.Release|Any CPU.ActiveCfg = Release|Any CPU
		{1C900590-52D4-4F5F-871D-653A396FE935}.Release|Any CPU.Build.0 = Release|Any CPU
		{4173616C-83FA-4739-BB15-B9D2E00622AD}.Debug|Any CPU.ActiveCfg = Debug|Any CPU
		{4173616C-83FA-4739-BB15-B9D2E00622AD}.Debug|Any CPU.Build.0 = Debug|Any CPU
		{4173616C-83FA-4739-BB15-B9D2E00622AD}.Release|Any CPU.ActiveCfg = Release|Any CPU
		{4173616C-83FA-4739-BB15-B9D2E00622AD}.Release|Any CPU.Build.0 = Release|Any CPU
		{EE470802-2D6E-456E-A92B-FB197C8B8C50}.Debug|Any CPU.ActiveCfg = Debug|Any CPU
		{EE470802-2D6E-456E-A92B-FB197C8B8C50}.Debug|Any CPU.Build.0 = Debug|Any CPU
		{EE470802-2D6E-456E-A92B-FB197C8B8C50}.Release|Any CPU.ActiveCfg = Release|Any CPU
		{EE470802-2D6E-456E-A92B-FB197C8B8C50}.Release|Any CPU.Build.0 = Release|Any CPU
		{C88922A0-334B-4764-8152-BC862BA8A084}.Debug|Any CPU.ActiveCfg = Debug|Any CPU
		{C88922A0-334B-4764-8152-BC862BA8A084}.Debug|Any CPU.Build.0 = Debug|Any CPU
		{C88922A0-334B-4764-8152-BC862BA8A084}.Release|Any CPU.ActiveCfg = Release|Any CPU
		{C88922A0-334B-4764-8152-BC862BA8A084}.Release|Any CPU.Build.0 = Release|Any CPU
		{4F44A178-3658-482F-B40B-6EC813483349}.Debug|Any CPU.ActiveCfg = Debug|Any CPU
		{4F44A178-3658-482F-B40B-6EC813483349}.Debug|Any CPU.Build.0 = Debug|Any CPU
		{4F44A178-3658-482F-B40B-6EC813483349}.Release|Any CPU.ActiveCfg = Release|Any CPU
		{4F44A178-3658-482F-B40B-6EC813483349}.Release|Any CPU.Build.0 = Release|Any CPU
	EndGlobalSection
	GlobalSection(SolutionProperties) = preSolution
		HideSolutionNode = FALSE
	EndGlobalSection
	GlobalSection(NestedProjects) = preSolution
		{5812FBA7-DCFF-4D08-99A7-4B52E4A8BC68} = {C7D962E9-E329-474B-8D97-3F175CDA8304}
		{DD527928-6830-472C-A5E8-0628CC40E752} = {04A94B7B-6346-459C-AB47-504F4C29D68B}
		{31AFA4C1-0716-4CB7-8E55-916B04B92889} = {04A94B7B-6346-459C-AB47-504F4C29D68B}
		{A7AE7965-A742-4559-905B-7DBEDA4F890E} = {4F9FD761-BFE9-4F51-B890-5062885661EC}
		{372643DD-0ACF-4405-B08F-01C3B4E76B3A} = {A7AE7965-A742-4559-905B-7DBEDA4F890E}
		{1C900590-52D4-4F5F-871D-653A396FE935} = {04A94B7B-6346-459C-AB47-504F4C29D68B}
		{4173616C-83FA-4739-BB15-B9D2E00622AD} = {04A94B7B-6346-459C-AB47-504F4C29D68B}
		{051911F4-F8C9-4C0B-A289-EBD6BE4E74B9} = {4F9FD761-BFE9-4F51-B890-5062885661EC}
		{EE470802-2D6E-456E-A92B-FB197C8B8C50} = {051911F4-F8C9-4C0B-A289-EBD6BE4E74B9}
		{C88922A0-334B-4764-8152-BC862BA8A084} = {04A94B7B-6346-459C-AB47-504F4C29D68B}
		{4F44A178-3658-482F-B40B-6EC813483349} = {04A94B7B-6346-459C-AB47-504F4C29D68B}
	EndGlobalSection
	GlobalSection(ExtensibilityGlobals) = postSolution
		SolutionGuid = {34DE0F3F-63F5-4FC0-A2C8-0C6ED800AF11}
	EndGlobalSection
EndGlobal
